// !$*UTF8*$!
{
	archiveVersion = 1;
	classes = {
	};
	objectVersion = 55;
	objects = {

/* Begin PBXBuildFile section */
		4312DF7828C8AD4300EB804C /* Animal.swift in Sources */ = {isa = PBXBuildFile; fileRef = 4312DF7728C8AD4300EB804C /* Animal.swift */; };
		4312DF7A28C8DED800EB804C /* MaximStoryboard.storyboard in Resources */ = {isa = PBXBuildFile; fileRef = 4312DF7928C8DED800EB804C /* MaximStoryboard.storyboard */; };
		4312DF7C28C8DF7D00EB804C /* AnimalDetailsViewController.swift in Sources */ = {isa = PBXBuildFile; fileRef = 4312DF7B28C8DF7D00EB804C /* AnimalDetailsViewController.swift */; };
		4346F05428C78B47004087E2 /* AppDelegate.swift in Sources */ = {isa = PBXBuildFile; fileRef = 4346F05328C78B47004087E2 /* AppDelegate.swift */; };
		4346F05628C78B47004087E2 /* SceneDelegate.swift in Sources */ = {isa = PBXBuildFile; fileRef = 4346F05528C78B47004087E2 /* SceneDelegate.swift */; };
		4346F05828C78B47004087E2 /* ViewController.swift in Sources */ = {isa = PBXBuildFile; fileRef = 4346F05728C78B47004087E2 /* ViewController.swift */; };
		4346F05D28C78B49004087E2 /* Assets.xcassets in Resources */ = {isa = PBXBuildFile; fileRef = 4346F05C28C78B49004087E2 /* Assets.xcassets */; };
		4346F06028C78B49004087E2 /* LaunchScreen.storyboard in Resources */ = {isa = PBXBuildFile; fileRef = 4346F05E28C78B49004087E2 /* LaunchScreen.storyboard */; };
		8FC4346028C9091600C0D92D /* StoryboardTanya.storyboard in Resources */ = {isa = PBXBuildFile; fileRef = 8FC4345F28C9091500C0D92D /* StoryboardTanya.storyboard */; };
		8FF38E4728C8B6F3004B0EC0 /* AnimalListViewController.swift in Sources */ = {isa = PBXBuildFile; fileRef = 8FF38E4628C8B6F3004B0EC0 /* AnimalListViewController.swift */; };
		9B47E8E428CBB5E2002C0A94 /* SamStoryboard.storyboard in Resources */ = {isa = PBXBuildFile; fileRef = 9B47E8E328CBB5E2002C0A94 /* SamStoryboard.storyboard */; };
		9B47E8E628CBCBFF002C0A94 /* OnboardingViewController.swift in Sources */ = {isa = PBXBuildFile; fileRef = 9B47E8E528CBCBFF002C0A94 /* OnboardingViewController.swift */; };
		A627DF3F28C9095800C29DFC /* DevTeam.storyboard in Resources */ = {isa = PBXBuildFile; fileRef = A627DF3E28C9095800C29DFC /* DevTeam.storyboard */; };
		A627DF4128C909FF00C29DFC /* DevTeamViewController.swift in Sources */ = {isa = PBXBuildFile; fileRef = A627DF4028C909FF00C29DFC /* DevTeamViewController.swift */; };
		CDC3957128C9325500B91ED6 /* UsersData.swift in Sources */ = {isa = PBXBuildFile; fileRef = CDC3957028C9325500B91ED6 /* UsersData.swift */; };
		CDC3957328CB4A0600B91ED6 /* Developers.storyboard in Resources */ = {isa = PBXBuildFile; fileRef = CDC3957228CB4A0600B91ED6 /* Developers.storyboard */; };
		CDC3957528CB4A3600B91ED6 /* Developers.swift in Sources */ = {isa = PBXBuildFile; fileRef = CDC3957428CB4A3600B91ED6 /* Developers.swift */; };
		CDC3957728CB58DC00B91ED6 /* DevelopersViewController.swift in Sources */ = {isa = PBXBuildFile; fileRef = CDC3957628CB58DC00B91ED6 /* DevelopersViewController.swift */; };
		CDD8457B28C8B50900F5E166 /* Login.storyboard in Resources */ = {isa = PBXBuildFile; fileRef = CDD8457A28C8B50900F5E166 /* Login.storyboard */; };
		CDD8457F28C8F18800F5E166 /* LoginViewController.swift in Sources */ = {isa = PBXBuildFile; fileRef = CDD8457E28C8F18800F5E166 /* LoginViewController.swift */; };
		CDD8458128C9000700F5E166 /* User.swift in Sources */ = {isa = PBXBuildFile; fileRef = CDD8458028C9000700F5E166 /* User.swift */; };
/* End PBXBuildFile section */

/* Begin PBXFileReference section */
		4312DF7728C8AD4300EB804C /* Animal.swift */ = {isa = PBXFileReference; lastKnownFileType = sourcecode.swift; path = Animal.swift; sourceTree = "<group>"; };
		4312DF7928C8DED800EB804C /* MaximStoryboard.storyboard */ = {isa = PBXFileReference; lastKnownFileType = file.storyboard; path = MaximStoryboard.storyboard; sourceTree = "<group>"; };
		4312DF7B28C8DF7D00EB804C /* AnimalDetailsViewController.swift */ = {isa = PBXFileReference; lastKnownFileType = sourcecode.swift; path = AnimalDetailsViewController.swift; sourceTree = "<group>"; };
		4346F05028C78B47004087E2 /* Animal Shelter.app */ = {isa = PBXFileReference; explicitFileType = wrapper.application; includeInIndex = 0; path = "Animal Shelter.app"; sourceTree = BUILT_PRODUCTS_DIR; };
		4346F05328C78B47004087E2 /* AppDelegate.swift */ = {isa = PBXFileReference; lastKnownFileType = sourcecode.swift; path = AppDelegate.swift; sourceTree = "<group>"; };
		4346F05528C78B47004087E2 /* SceneDelegate.swift */ = {isa = PBXFileReference; lastKnownFileType = sourcecode.swift; path = SceneDelegate.swift; sourceTree = "<group>"; };
		4346F05728C78B47004087E2 /* ViewController.swift */ = {isa = PBXFileReference; lastKnownFileType = sourcecode.swift; path = ViewController.swift; sourceTree = "<group>"; };
		4346F05C28C78B49004087E2 /* Assets.xcassets */ = {isa = PBXFileReference; lastKnownFileType = folder.assetcatalog; path = Assets.xcassets; sourceTree = "<group>"; };
		4346F05F28C78B49004087E2 /* Base */ = {isa = PBXFileReference; lastKnownFileType = file.storyboard; name = Base; path = Base.lproj/LaunchScreen.storyboard; sourceTree = "<group>"; };
		4346F06128C78B49004087E2 /* Info.plist */ = {isa = PBXFileReference; lastKnownFileType = text.plist.xml; path = Info.plist; sourceTree = "<group>"; };
		8FC4345F28C9091500C0D92D /* StoryboardTanya.storyboard */ = {isa = PBXFileReference; lastKnownFileType = file.storyboard; path = StoryboardTanya.storyboard; sourceTree = "<group>"; };
		8FF38E4628C8B6F3004B0EC0 /* AnimalListViewController.swift */ = {isa = PBXFileReference; lastKnownFileType = sourcecode.swift; path = AnimalListViewController.swift; sourceTree = "<group>"; };
		9B47E8E328CBB5E2002C0A94 /* SamStoryboard.storyboard */ = {isa = PBXFileReference; lastKnownFileType = file.storyboard; path = SamStoryboard.storyboard; sourceTree = "<group>"; };
		9B47E8E528CBCBFF002C0A94 /* OnboardingViewController.swift */ = {isa = PBXFileReference; lastKnownFileType = sourcecode.swift; path = OnboardingViewController.swift; sourceTree = "<group>"; };
		A627DF3E28C9095800C29DFC /* DevTeam.storyboard */ = {isa = PBXFileReference; lastKnownFileType = file.storyboard; path = DevTeam.storyboard; sourceTree = "<group>"; };
		A627DF4028C909FF00C29DFC /* DevTeamViewController.swift */ = {isa = PBXFileReference; lastKnownFileType = sourcecode.swift; path = DevTeamViewController.swift; sourceTree = "<group>"; };
		CDC3957028C9325500B91ED6 /* UsersData.swift */ = {isa = PBXFileReference; lastKnownFileType = sourcecode.swift; path = UsersData.swift; sourceTree = "<group>"; };
		CDC3957228CB4A0600B91ED6 /* Developers.storyboard */ = {isa = PBXFileReference; lastKnownFileType = file.storyboard; path = Developers.storyboard; sourceTree = "<group>"; };
		CDC3957428CB4A3600B91ED6 /* Developers.swift */ = {isa = PBXFileReference; lastKnownFileType = sourcecode.swift; path = Developers.swift; sourceTree = "<group>"; };
		CDC3957628CB58DC00B91ED6 /* DevelopersViewController.swift */ = {isa = PBXFileReference; lastKnownFileType = sourcecode.swift; path = DevelopersViewController.swift; sourceTree = "<group>"; };
		CDD8457A28C8B50900F5E166 /* Login.storyboard */ = {isa = PBXFileReference; lastKnownFileType = file.storyboard; path = Login.storyboard; sourceTree = "<group>"; };
		CDD8457E28C8F18800F5E166 /* LoginViewController.swift */ = {isa = PBXFileReference; lastKnownFileType = sourcecode.swift; path = LoginViewController.swift; sourceTree = "<group>"; };
		CDD8458028C9000700F5E166 /* User.swift */ = {isa = PBXFileReference; lastKnownFileType = sourcecode.swift; path = User.swift; sourceTree = "<group>"; };
/* End PBXFileReference section */

/* Begin PBXFrameworksBuildPhase section */
		4346F04D28C78B47004087E2 /* Frameworks */ = {
			isa = PBXFrameworksBuildPhase;
			buildActionMask = 2147483647;
			files = (
			);
			runOnlyForDeploymentPostprocessing = 0;
		};
/* End PBXFrameworksBuildPhase section */

/* Begin PBXGroup section */
		4346F04728C78B47004087E2 = {
			isa = PBXGroup;
			children = (
				4346F05228C78B47004087E2 /* Animal Shelter */,
				4346F05128C78B47004087E2 /* Products */,
			);
			sourceTree = "<group>";
		};
		4346F05128C78B47004087E2 /* Products */ = {
			isa = PBXGroup;
			children = (
				4346F05028C78B47004087E2 /* Animal Shelter.app */,
			);
			name = Products;
			sourceTree = "<group>";
		};
		4346F05228C78B47004087E2 /* Animal Shelter */ = {
			isa = PBXGroup;
			children = (
				4346F05328C78B47004087E2 /* AppDelegate.swift */,
				4346F05528C78B47004087E2 /* SceneDelegate.swift */,
				43E32E0628CA668500A753A8 /* ViewControllers */,
				43E32E0528CA666700A753A8 /* Models */,
				43E32E0728CA66BA00A753A8 /* StoryBoards */,
				4346F05C28C78B49004087E2 /* Assets.xcassets */,
				4346F06128C78B49004087E2 /* Info.plist */,
			);
			path = "Animal Shelter";
			sourceTree = "<group>";
		};
		43E32E0528CA666700A753A8 /* Models */ = {
			isa = PBXGroup;
			children = (
				4312DF7728C8AD4300EB804C /* Animal.swift */,
				CDC3957428CB4A3600B91ED6 /* Developers.swift */,
				CDD8458028C9000700F5E166 /* User.swift */,
				CDC3957028C9325500B91ED6 /* UsersData.swift */,
			);
			path = Models;
			sourceTree = "<group>";
		};
		43E32E0628CA668500A753A8 /* ViewControllers */ = {
			isa = PBXGroup;
			children = (
				4346F05728C78B47004087E2 /* ViewController.swift */,
				8FF38E4628C8B6F3004B0EC0 /* AnimalListViewController.swift */,
				CDD8457E28C8F18800F5E166 /* LoginViewController.swift */,
				A627DF4028C909FF00C29DFC /* DevTeamViewController.swift */,
				CDC3957628CB58DC00B91ED6 /* DevelopersViewController.swift */,
				4312DF7B28C8DF7D00EB804C /* AnimalDetailsViewController.swift */,
				9B47E8E528CBCBFF002C0A94 /* OnboardingViewController.swift */,
			);
			path = ViewControllers;
			sourceTree = "<group>";
		};
		43E32E0728CA66BA00A753A8 /* StoryBoards */ = {
			isa = PBXGroup;
			children = (
				8FC4345F28C9091500C0D92D /* StoryboardTanya.storyboard */,
				CDD8457A28C8B50900F5E166 /* Login.storyboard */,
				CDC3957228CB4A0600B91ED6 /* Developers.storyboard */,
				9B47E8E328CBB5E2002C0A94 /* SamStoryboard.storyboard */,
				4312DF7928C8DED800EB804C /* MaximStoryboard.storyboard */,
				A627DF3E28C9095800C29DFC /* DevTeam.storyboard */,
				4346F05E28C78B49004087E2 /* LaunchScreen.storyboard */,
			);
			path = StoryBoards;
			sourceTree = "<group>";
		};
/* End PBXGroup section */

/* Begin PBXNativeTarget section */
		4346F04F28C78B47004087E2 /* Animal Shelter */ = {
			isa = PBXNativeTarget;
			buildConfigurationList = 4346F06428C78B49004087E2 /* Build configuration list for PBXNativeTarget "Animal Shelter" */;
			buildPhases = (
				4346F04C28C78B47004087E2 /* Sources */,
				4346F04D28C78B47004087E2 /* Frameworks */,
				4346F04E28C78B47004087E2 /* Resources */,
			);
			buildRules = (
			);
			dependencies = (
			);
			name = "Animal Shelter";
			productName = "Animal Shelter";
			productReference = 4346F05028C78B47004087E2 /* Animal Shelter.app */;
			productType = "com.apple.product-type.application";
		};
/* End PBXNativeTarget section */

/* Begin PBXProject section */
		4346F04828C78B47004087E2 /* Project object */ = {
			isa = PBXProject;
			attributes = {
				BuildIndependentTargetsInParallel = 1;
				LastSwiftUpdateCheck = 1340;
				LastUpgradeCheck = 1340;
				TargetAttributes = {
					4346F04F28C78B47004087E2 = {
						CreatedOnToolsVersion = 13.4.1;
					};
				};
			};
			buildConfigurationList = 4346F04B28C78B47004087E2 /* Build configuration list for PBXProject "Animal Shelter" */;
			compatibilityVersion = "Xcode 13.0";
			developmentRegion = en;
			hasScannedForEncodings = 0;
			knownRegions = (
				en,
				Base,
			);
			mainGroup = 4346F04728C78B47004087E2;
			productRefGroup = 4346F05128C78B47004087E2 /* Products */;
			projectDirPath = "";
			projectRoot = "";
			targets = (
				4346F04F28C78B47004087E2 /* Animal Shelter */,
			);
		};
/* End PBXProject section */

/* Begin PBXResourcesBuildPhase section */
		4346F04E28C78B47004087E2 /* Resources */ = {
			isa = PBXResourcesBuildPhase;
			buildActionMask = 2147483647;
			files = (
				CDD8457B28C8B50900F5E166 /* Login.storyboard in Resources */,
				9B47E8E428CBB5E2002C0A94 /* SamStoryboard.storyboard in Resources */,
				4346F06028C78B49004087E2 /* LaunchScreen.storyboard in Resources */,
				CDC3957328CB4A0600B91ED6 /* Developers.storyboard in Resources */,
				4346F05D28C78B49004087E2 /* Assets.xcassets in Resources */,
				A627DF3F28C9095800C29DFC /* DevTeam.storyboard in Resources */,
				4312DF7A28C8DED800EB804C /* MaximStoryboard.storyboard in Resources */,
				8FC4346028C9091600C0D92D /* StoryboardTanya.storyboard in Resources */,
			);
			runOnlyForDeploymentPostprocessing = 0;
		};
/* End PBXResourcesBuildPhase section */

/* Begin PBXSourcesBuildPhase section */
		4346F04C28C78B47004087E2 /* Sources */ = {
			isa = PBXSourcesBuildPhase;
			buildActionMask = 2147483647;
			files = (
				9B47E8E628CBCBFF002C0A94 /* OnboardingViewController.swift in Sources */,
				CDD8457F28C8F18800F5E166 /* LoginViewController.swift in Sources */,
				CDC3957728CB58DC00B91ED6 /* DevelopersViewController.swift in Sources */,
				4346F05828C78B47004087E2 /* ViewController.swift in Sources */,
				4312DF7828C8AD4300EB804C /* Animal.swift in Sources */,
				4346F05428C78B47004087E2 /* AppDelegate.swift in Sources */,
				8FF38E4728C8B6F3004B0EC0 /* AnimalListViewController.swift in Sources */,
				CDC3957528CB4A3600B91ED6 /* Developers.swift in Sources */,
				CDD8458128C9000700F5E166 /* User.swift in Sources */,
				CDC3957128C9325500B91ED6 /* UsersData.swift in Sources */,
				4346F05628C78B47004087E2 /* SceneDelegate.swift in Sources */,
				4312DF7C28C8DF7D00EB804C /* AnimalDetailsViewController.swift in Sources */,
				A627DF4128C909FF00C29DFC /* DevTeamViewController.swift in Sources */,
			);
			runOnlyForDeploymentPostprocessing = 0;
		};
/* End PBXSourcesBuildPhase section */

/* Begin PBXVariantGroup section */
		4346F05E28C78B49004087E2 /* LaunchScreen.storyboard */ = {
			isa = PBXVariantGroup;
			children = (
				4346F05F28C78B49004087E2 /* Base */,
			);
			name = LaunchScreen.storyboard;
			sourceTree = "<group>";
		};
/* End PBXVariantGroup section */

/* Begin XCBuildConfiguration section */
		4346F06228C78B49004087E2 /* Debug */ = {
			isa = XCBuildConfiguration;
			buildSettings = {
				ALWAYS_SEARCH_USER_PATHS = NO;
				CLANG_ANALYZER_NONNULL = YES;
				CLANG_ANALYZER_NUMBER_OBJECT_CONVERSION = YES_AGGRESSIVE;
				CLANG_CXX_LANGUAGE_STANDARD = "gnu++17";
				CLANG_ENABLE_MODULES = YES;
				CLANG_ENABLE_OBJC_ARC = YES;
				CLANG_ENABLE_OBJC_WEAK = YES;
				CLANG_WARN_BLOCK_CAPTURE_AUTORELEASING = YES;
				CLANG_WARN_BOOL_CONVERSION = YES;
				CLANG_WARN_COMMA = YES;
				CLANG_WARN_CONSTANT_CONVERSION = YES;
				CLANG_WARN_DEPRECATED_OBJC_IMPLEMENTATIONS = YES;
				CLANG_WARN_DIRECT_OBJC_ISA_USAGE = YES_ERROR;
				CLANG_WARN_DOCUMENTATION_COMMENTS = YES;
				CLANG_WARN_EMPTY_BODY = YES;
				CLANG_WARN_ENUM_CONVERSION = YES;
				CLANG_WARN_INFINITE_RECURSION = YES;
				CLANG_WARN_INT_CONVERSION = YES;
				CLANG_WARN_NON_LITERAL_NULL_CONVERSION = YES;
				CLANG_WARN_OBJC_IMPLICIT_RETAIN_SELF = YES;
				CLANG_WARN_OBJC_LITERAL_CONVERSION = YES;
				CLANG_WARN_OBJC_ROOT_CLASS = YES_ERROR;
				CLANG_WARN_QUOTED_INCLUDE_IN_FRAMEWORK_HEADER = YES;
				CLANG_WARN_RANGE_LOOP_ANALYSIS = YES;
				CLANG_WARN_STRICT_PROTOTYPES = YES;
				CLANG_WARN_SUSPICIOUS_MOVE = YES;
				CLANG_WARN_UNGUARDED_AVAILABILITY = YES_AGGRESSIVE;
				CLANG_WARN_UNREACHABLE_CODE = YES;
				CLANG_WARN__DUPLICATE_METHOD_MATCH = YES;
				COPY_PHASE_STRIP = NO;
				DEBUG_INFORMATION_FORMAT = dwarf;
				ENABLE_STRICT_OBJC_MSGSEND = YES;
				ENABLE_TESTABILITY = YES;
				GCC_C_LANGUAGE_STANDARD = gnu11;
				GCC_DYNAMIC_NO_PIC = NO;
				GCC_NO_COMMON_BLOCKS = YES;
				GCC_OPTIMIZATION_LEVEL = 0;
				GCC_PREPROCESSOR_DEFINITIONS = (
					"DEBUG=1",
					"$(inherited)",
				);
				GCC_WARN_64_TO_32_BIT_CONVERSION = YES;
				GCC_WARN_ABOUT_RETURN_TYPE = YES_ERROR;
				GCC_WARN_UNDECLARED_SELECTOR = YES;
				GCC_WARN_UNINITIALIZED_AUTOS = YES_AGGRESSIVE;
				GCC_WARN_UNUSED_FUNCTION = YES;
				GCC_WARN_UNUSED_VARIABLE = YES;
				IPHONEOS_DEPLOYMENT_TARGET = 15.0;
				MTL_ENABLE_DEBUG_INFO = INCLUDE_SOURCE;
				MTL_FAST_MATH = YES;
				ONLY_ACTIVE_ARCH = YES;
				SDKROOT = iphoneos;
				SWIFT_ACTIVE_COMPILATION_CONDITIONS = DEBUG;
				SWIFT_OPTIMIZATION_LEVEL = "-Onone";
			};
			name = Debug;
		};
		4346F06328C78B49004087E2 /* Release */ = {
			isa = XCBuildConfiguration;
			buildSettings = {
				ALWAYS_SEARCH_USER_PATHS = NO;
				CLANG_ANALYZER_NONNULL = YES;
				CLANG_ANALYZER_NUMBER_OBJECT_CONVERSION = YES_AGGRESSIVE;
				CLANG_CXX_LANGUAGE_STANDARD = "gnu++17";
				CLANG_ENABLE_MODULES = YES;
				CLANG_ENABLE_OBJC_ARC = YES;
				CLANG_ENABLE_OBJC_WEAK = YES;
				CLANG_WARN_BLOCK_CAPTURE_AUTORELEASING = YES;
				CLANG_WARN_BOOL_CONVERSION = YES;
				CLANG_WARN_COMMA = YES;
				CLANG_WARN_CONSTANT_CONVERSION = YES;
				CLANG_WARN_DEPRECATED_OBJC_IMPLEMENTATIONS = YES;
				CLANG_WARN_DIRECT_OBJC_ISA_USAGE = YES_ERROR;
				CLANG_WARN_DOCUMENTATION_COMMENTS = YES;
				CLANG_WARN_EMPTY_BODY = YES;
				CLANG_WARN_ENUM_CONVERSION = YES;
				CLANG_WARN_INFINITE_RECURSION = YES;
				CLANG_WARN_INT_CONVERSION = YES;
				CLANG_WARN_NON_LITERAL_NULL_CONVERSION = YES;
				CLANG_WARN_OBJC_IMPLICIT_RETAIN_SELF = YES;
				CLANG_WARN_OBJC_LITERAL_CONVERSION = YES;
				CLANG_WARN_OBJC_ROOT_CLASS = YES_ERROR;
				CLANG_WARN_QUOTED_INCLUDE_IN_FRAMEWORK_HEADER = YES;
				CLANG_WARN_RANGE_LOOP_ANALYSIS = YES;
				CLANG_WARN_STRICT_PROTOTYPES = YES;
				CLANG_WARN_SUSPICIOUS_MOVE = YES;
				CLANG_WARN_UNGUARDED_AVAILABILITY = YES_AGGRESSIVE;
				CLANG_WARN_UNREACHABLE_CODE = YES;
				CLANG_WARN__DUPLICATE_METHOD_MATCH = YES;
				COPY_PHASE_STRIP = NO;
				DEBUG_INFORMATION_FORMAT = "dwarf-with-dsym";
				ENABLE_NS_ASSERTIONS = NO;
				ENABLE_STRICT_OBJC_MSGSEND = YES;
				GCC_C_LANGUAGE_STANDARD = gnu11;
				GCC_NO_COMMON_BLOCKS = YES;
				GCC_WARN_64_TO_32_BIT_CONVERSION = YES;
				GCC_WARN_ABOUT_RETURN_TYPE = YES_ERROR;
				GCC_WARN_UNDECLARED_SELECTOR = YES;
				GCC_WARN_UNINITIALIZED_AUTOS = YES_AGGRESSIVE;
				GCC_WARN_UNUSED_FUNCTION = YES;
				GCC_WARN_UNUSED_VARIABLE = YES;
				IPHONEOS_DEPLOYMENT_TARGET = 15.0;
				MTL_ENABLE_DEBUG_INFO = NO;
				MTL_FAST_MATH = YES;
				SDKROOT = iphoneos;
				SWIFT_COMPILATION_MODE = wholemodule;
				SWIFT_OPTIMIZATION_LEVEL = "-O";
				VALIDATE_PRODUCT = YES;
			};
			name = Release;
		};
		4346F06528C78B49004087E2 /* Debug */ = {
			isa = XCBuildConfiguration;
			buildSettings = {
				ASSETCATALOG_COMPILER_APPICON_NAME = AppIcon;
				ASSETCATALOG_COMPILER_GLOBAL_ACCENT_COLOR_NAME = AccentColor;
				CODE_SIGN_STYLE = Automatic;
				CURRENT_PROJECT_VERSION = 1;
				DEVELOPMENT_TEAM = 72WF57A54C;
				GENERATE_INFOPLIST_FILE = YES;
				INFOPLIST_FILE = "Animal Shelter/Info.plist";
				INFOPLIST_KEY_UIApplicationSupportsIndirectInputEvents = YES;
				INFOPLIST_KEY_UILaunchStoryboardName = LaunchScreen;
				INFOPLIST_KEY_UIMainStoryboardFile = StoryboardTanya;
				INFOPLIST_KEY_UISupportedInterfaceOrientations = UIInterfaceOrientationPortrait;
				INFOPLIST_KEY_UISupportedInterfaceOrientations_iPad = "UIInterfaceOrientationPortrait UIInterfaceOrientationPortraitUpsideDown UIInterfaceOrientationLandscapeLeft UIInterfaceOrientationLandscapeRight";
				INFOPLIST_KEY_UISupportedInterfaceOrientations_iPhone = "UIInterfaceOrientationPortrait UIInterfaceOrientationLandscapeLeft UIInterfaceOrientationLandscapeRight";
				LD_RUNPATH_SEARCH_PATHS = (
					"$(inherited)",
					"@executable_path/Frameworks",
				);
				MARKETING_VERSION = 1.0;
				PRODUCT_BUNDLE_IDENTIFIER = "maximlaskin.Animal-Shelter";
				PRODUCT_NAME = "$(TARGET_NAME)";
				SWIFT_EMIT_LOC_STRINGS = YES;
				SWIFT_VERSION = 5.0;
				TARGETED_DEVICE_FAMILY = 1;
			};
			name = Debug;
		};
		4346F06628C78B49004087E2 /* Release */ = {
			isa = XCBuildConfiguration;
			buildSettings = {
				ASSETCATALOG_COMPILER_APPICON_NAME = AppIcon;
				ASSETCATALOG_COMPILER_GLOBAL_ACCENT_COLOR_NAME = AccentColor;
				CODE_SIGN_STYLE = Automatic;
				CURRENT_PROJECT_VERSION = 1;
				DEVELOPMENT_TEAM = 72WF57A54C;
				GENERATE_INFOPLIST_FILE = YES;
				INFOPLIST_FILE = "Animal Shelter/Info.plist";
				INFOPLIST_KEY_UIApplicationSupportsIndirectInputEvents = YES;
				INFOPLIST_KEY_UILaunchStoryboardName = LaunchScreen;
				INFOPLIST_KEY_UIMainStoryboardFile = StoryboardTanya;
				INFOPLIST_KEY_UISupportedInterfaceOrientations = UIInterfaceOrientationPortrait;
				INFOPLIST_KEY_UISupportedInterfaceOrientations_iPad = "UIInterfaceOrientationPortrait UIInterfaceOrientationPortraitUpsideDown UIInterfaceOrientationLandscapeLeft UIInterfaceOrientationLandscapeRight";
				INFOPLIST_KEY_UISupportedInterfaceOrientations_iPhone = "UIInterfaceOrientationPortrait UIInterfaceOrientationLandscapeLeft UIInterfaceOrientationLandscapeRight";
				LD_RUNPATH_SEARCH_PATHS = (
					"$(inherited)",
					"@executable_path/Frameworks",
				);
				MARKETING_VERSION = 1.0;
				PRODUCT_BUNDLE_IDENTIFIER = "maximlaskin.Animal-Shelter";
				PRODUCT_NAME = "$(TARGET_NAME)";
				SWIFT_EMIT_LOC_STRINGS = YES;
				SWIFT_VERSION = 5.0;
				TARGETED_DEVICE_FAMILY = 1;
			};
			name = Release;
		};
/* End XCBuildConfiguration section */

/* Begin XCConfigurationList section */
		4346F04B28C78B47004087E2 /* Build configuration list for PBXProject "Animal Shelter" */ = {
			isa = XCConfigurationList;
			buildConfigurations = (
				4346F06228C78B49004087E2 /* Debug */,
				4346F06328C78B49004087E2 /* Release */,
			);
			defaultConfigurationIsVisible = 0;
			defaultConfigurationName = Release;
		};
		4346F06428C78B49004087E2 /* Build configuration list for PBXNativeTarget "Animal Shelter" */ = {
			isa = XCConfigurationList;
			buildConfigurations = (
				4346F06528C78B49004087E2 /* Debug */,
				4346F06628C78B49004087E2 /* Release */,
			);
			defaultConfigurationIsVisible = 0;
			defaultConfigurationName = Release;
		};
/* End XCConfigurationList section */
	};
	rootObject = 4346F04828C78B47004087E2 /* Project object */;
}
